
Microsoft Visual Studio Solution File, Format Version 12.00
# Visual Studio 2012
Project("{FAE04EC0-301F-11D3-BF4B-00C04F79EFBC}") = "KitchenSupportXaml", "KitchenSupport\KitchenSupportXaml.csproj", "{A6876617-A497-41DC-B90A-4C1A77A1185F}"
EndProject
Project("{FAE04EC0-301F-11D3-BF4B-00C04F79EFBC}") = "KitchenSupport.iOS", "iOS\KitchenSupport.iOS.csproj", "{A16D1B41-39FE-44FA-9D69-DE95F186D11A}"
EndProject
Project("{FAE04EC0-301F-11D3-BF4B-00C04F79EFBC}") = "KitchenSupport.Droid", "Droid\KitchenSupport.Droid.csproj", "{6F025A55-ED89-4529-BF2A-FE8A998ED9A5}"
EndProject
Project("{FAE04EC0-301F-11D3-BF4B-00C04F79EFBC}") = "KitchenSupport.UITests", "UITests\KitchenSupport.UITests.csproj", "{BC888626-8F0A-413A-8E6B-38541677201E}"
EndProject
Global
	GlobalSection(SolutionConfigurationPlatforms) = preSolution
		Debug|Any CPU = Debug|Any CPU
		Release|Any CPU = Release|Any CPU
		Debug|iPhoneSimulator = Debug|iPhoneSimulator
		Release|iPhone = Release|iPhone
		Release|iPhoneSimulator = Release|iPhoneSimulator
		Debug|iPhone = Debug|iPhone
	EndGlobalSection
	GlobalSection(ProjectConfigurationPlatforms) = postSolution
		{6F025A55-ED89-4529-BF2A-FE8A998ED9A5}.Debug|Any CPU.ActiveCfg = Debug|Any CPU
		{6F025A55-ED89-4529-BF2A-FE8A998ED9A5}.Debug|Any CPU.Build.0 = Debug|Any CPU
		{6F025A55-ED89-4529-BF2A-FE8A998ED9A5}.Debug|iPhone.ActiveCfg = Debug|Any CPU
		{6F025A55-ED89-4529-BF2A-FE8A998ED9A5}.Debug|iPhone.Build.0 = Debug|Any CPU
		{6F025A55-ED89-4529-BF2A-FE8A998ED9A5}.Debug|iPhoneSimulator.ActiveCfg = Debug|Any CPU
		{6F025A55-ED89-4529-BF2A-FE8A998ED9A5}.Debug|iPhoneSimulator.Build.0 = Debug|Any CPU
		{6F025A55-ED89-4529-BF2A-FE8A998ED9A5}.Release|Any CPU.ActiveCfg = Release|Any CPU
		{6F025A55-ED89-4529-BF2A-FE8A998ED9A5}.Release|Any CPU.Build.0 = Release|Any CPU
		{6F025A55-ED89-4529-BF2A-FE8A998ED9A5}.Release|iPhone.ActiveCfg = Release|Any CPU
		{6F025A55-ED89-4529-BF2A-FE8A998ED9A5}.Release|iPhone.Build.0 = Release|Any CPU
		{6F025A55-ED89-4529-BF2A-FE8A998ED9A5}.Release|iPhoneSimulator.ActiveCfg = Release|Any CPU
		{6F025A55-ED89-4529-BF2A-FE8A998ED9A5}.Release|iPhoneSimulator.Build.0 = Release|Any CPU
		{A16D1B41-39FE-44FA-9D69-DE95F186D11A}.Debug|Any CPU.ActiveCfg = Debug|iPhoneSimulator
		{A16D1B41-39FE-44FA-9D69-DE95F186D11A}.Debug|Any CPU.Build.0 = Debug|iPhoneSimulator
		{A16D1B41-39FE-44FA-9D69-DE95F186D11A}.Debug|iPhone.ActiveCfg = Debug|iPhone
		{A16D1B41-39FE-44FA-9D69-DE95F186D11A}.Debug|iPhone.Build.0 = Debug|iPhone
		{A16D1B41-39FE-44FA-9D69-DE95F186D11A}.Debug|iPhoneSimulator.ActiveCfg = Debug|iPhoneSimulator
		{A16D1B41-39FE-44FA-9D69-DE95F186D11A}.Debug|iPhoneSimulator.Build.0 = Debug|iPhoneSimulator
		{A16D1B41-39FE-44FA-9D69-DE95F186D11A}.Release|Any CPU.ActiveCfg = Release|iPhone
		{A16D1B41-39FE-44FA-9D69-DE95F186D11A}.Release|Any CPU.Build.0 = Release|iPhone
		{A16D1B41-39FE-44FA-9D69-DE95F186D11A}.Release|iPhone.ActiveCfg = Release|iPhone
		{A16D1B41-39FE-44FA-9D69-DE95F186D11A}.Release|iPhone.Build.0 = Release|iPhone
		{A16D1B41-39FE-44FA-9D69-DE95F186D11A}.Release|iPhoneSimulator.ActiveCfg = Release|iPhoneSimulator
		{A16D1B41-39FE-44FA-9D69-DE95F186D11A}.Release|iPhoneSimulator.Build.0 = Release|iPhoneSimulator
		{A6876617-A497-41DC-B90A-4C1A77A1185F}.Debug|Any CPU.ActiveCfg = Debug|Any CPU
		{A6876617-A497-41DC-B90A-4C1A77A1185F}.Debug|Any CPU.Build.0 = Debug|Any CPU
		{A6876617-A497-41DC-B90A-4C1A77A1185F}.Debug|iPhone.ActiveCfg = Debug|Any CPU
		{A6876617-A497-41DC-B90A-4C1A77A1185F}.Debug|iPhone.Build.0 = Debug|Any CPU
		{A6876617-A497-41DC-B90A-4C1A77A1185F}.Debug|iPhoneSimulator.ActiveCfg = Debug|Any CPU
		{A6876617-A497-41DC-B90A-4C1A77A1185F}.Debug|iPhoneSimulator.Build.0 = Debug|Any CPU
		{A6876617-A497-41DC-B90A-4C1A77A1185F}.Release|Any CPU.ActiveCfg = Release|Any CPU
		{A6876617-A497-41DC-B90A-4C1A77A1185F}.Release|Any CPU.Build.0 = Release|Any CPU
		{A6876617-A497-41DC-B90A-4C1A77A1185F}.Release|iPhone.ActiveCfg = Release|Any CPU
		{A6876617-A497-41DC-B90A-4C1A77A1185F}.Release|iPhone.Build.0 = Release|Any CPU
		{A6876617-A497-41DC-B90A-4C1A77A1185F}.Release|iPhoneSimulator.ActiveCfg = Release|Any CPU
		{A6876617-A497-41DC-B90A-4C1A77A1185F}.Release|iPhoneSimulator.Build.0 = Release|Any CPU
		{BC888626-8F0A-413A-8E6B-38541677201E}.Debug|Any CPU.ActiveCfg = Debug|Any CPU
		{BC888626-8F0A-413A-8E6B-38541677201E}.Debug|Any CPU.Build.0 = Debug|Any CPU
		{BC888626-8F0A-413A-8E6B-38541677201E}.Debug|iPhone.ActiveCfg = Debug|Any CPU
		{BC888626-8F0A-413A-8E6B-38541677201E}.Debug|iPhone.Build.0 = Debug|Any CPU
		{BC888626-8F0A-413A-8E6B-38541677201E}.Debug|iPhoneSimulator.ActiveCfg = Debug|Any CPU
		{BC888626-8F0A-413A-8E6B-38541677201E}.Debug|iPhoneSimulator.Build.0 = Debug|Any CPU
		{BC888626-8F0A-413A-8E6B-38541677201E}.Release|Any CPU.ActiveCfg = Release|Any CPU
		{BC888626-8F0A-413A-8E6B-38541677201E}.Release|Any CPU.Build.0 = Release|Any CPU
		{BC888626-8F0A-413A-8E6B-38541677201E}.Release|iPhone.ActiveCfg = Release|Any CPU
		{BC888626-8F0A-413A-8E6B-38541677201E}.Release|iPhone.Build.0 = Release|Any CPU
		{BC888626-8F0A-413A-8E6B-38541677201E}.Release|iPhoneSimulator.ActiveCfg = Release|Any CPU
		{BC888626-8F0A-413A-8E6B-38541677201E}.Release|iPhoneSimulator.Build.0 = Release|Any CPU
	EndGlobalSection
EndGlobal
