
Microsoft Visual Studio Solution File, Format Version 12.00
# Visual Studio 14
VisualStudioVersion = 14.0.23107.0
MinimumVisualStudioVersion = 10.0.40219.1
Project("{FAE04EC0-301F-11D3-BF4B-00C04F79EFBC}") = "IngrediantViewXam", "IngrediantViewXam\IngrediantViewXam\IngrediantViewXam.csproj", "{BD66CB97-062E-4B93-AE28-BFEC9E4AE3C0}"
EndProject
Project("{FAE04EC0-301F-11D3-BF4B-00C04F79EFBC}") = "IngrediantViewXam.iOS", "IngrediantViewXam\IngrediantViewXam.iOS\IngrediantViewXam.iOS.csproj", "{505046AA-DA8F-4675-8595-011841676B85}"
EndProject
Project("{FAE04EC0-301F-11D3-BF4B-00C04F79EFBC}") = "IngrediantViewXam.Droid", "IngrediantViewXam\IngrediantViewXam.Droid\IngrediantViewXam.Droid.csproj", "{0DE8A4CC-E1AB-4ACF-A33E-A50B178F8EF2}"
EndProject
Global
	GlobalSection(SolutionConfigurationPlatforms) = preSolution
		Ad-Hoc|Any CPU = Ad-Hoc|Any CPU
		Ad-Hoc|iPhone = Ad-Hoc|iPhone
		Ad-Hoc|iPhoneSimulator = Ad-Hoc|iPhoneSimulator
		AppStore|Any CPU = AppStore|Any CPU
		AppStore|iPhone = AppStore|iPhone
		AppStore|iPhoneSimulator = AppStore|iPhoneSimulator
		Debug|Any CPU = Debug|Any CPU
		Debug|iPhone = Debug|iPhone
		Debug|iPhoneSimulator = Debug|iPhoneSimulator
		Release|Any CPU = Release|Any CPU
		Release|iPhone = Release|iPhone
		Release|iPhoneSimulator = Release|iPhoneSimulator
	EndGlobalSection
	GlobalSection(ProjectConfigurationPlatforms) = postSolution
		{BD66CB97-062E-4B93-AE28-BFEC9E4AE3C0}.Ad-Hoc|Any CPU.ActiveCfg = Release|Any CPU
		{BD66CB97-062E-4B93-AE28-BFEC9E4AE3C0}.Ad-Hoc|Any CPU.Build.0 = Release|Any CPU
		{BD66CB97-062E-4B93-AE28-BFEC9E4AE3C0}.Ad-Hoc|iPhone.ActiveCfg = Release|Any CPU
		{BD66CB97-062E-4B93-AE28-BFEC9E4AE3C0}.Ad-Hoc|iPhone.Build.0 = Release|Any CPU
		{BD66CB97-062E-4B93-AE28-BFEC9E4AE3C0}.Ad-Hoc|iPhoneSimulator.ActiveCfg = Release|Any CPU
		{BD66CB97-062E-4B93-AE28-BFEC9E4AE3C0}.Ad-Hoc|iPhoneSimulator.Build.0 = Release|Any CPU
		{BD66CB97-062E-4B93-AE28-BFEC9E4AE3C0}.AppStore|Any CPU.ActiveCfg = Release|Any CPU
		{BD66CB97-062E-4B93-AE28-BFEC9E4AE3C0}.AppStore|Any CPU.Build.0 = Release|Any CPU
		{BD66CB97-062E-4B93-AE28-BFEC9E4AE3C0}.AppStore|iPhone.ActiveCfg = Release|Any CPU
		{BD66CB97-062E-4B93-AE28-BFEC9E4AE3C0}.AppStore|iPhone.Build.0 = Release|Any CPU
		{BD66CB97-062E-4B93-AE28-BFEC9E4AE3C0}.AppStore|iPhoneSimulator.ActiveCfg = Release|Any CPU
		{BD66CB97-062E-4B93-AE28-BFEC9E4AE3C0}.AppStore|iPhoneSimulator.Build.0 = Release|Any CPU
		{BD66CB97-062E-4B93-AE28-BFEC9E4AE3C0}.Debug|Any CPU.ActiveCfg = Debug|Any CPU
		{BD66CB97-062E-4B93-AE28-BFEC9E4AE3C0}.Debug|Any CPU.Build.0 = Debug|Any CPU
		{BD66CB97-062E-4B93-AE28-BFEC9E4AE3C0}.Debug|iPhone.ActiveCfg = Debug|Any CPU
		{BD66CB97-062E-4B93-AE28-BFEC9E4AE3C0}.Debug|iPhone.Build.0 = Debug|Any CPU
		{BD66CB97-062E-4B93-AE28-BFEC9E4AE3C0}.Debug|iPhoneSimulator.ActiveCfg = Debug|Any CPU
		{BD66CB97-062E-4B93-AE28-BFEC9E4AE3C0}.Debug|iPhoneSimulator.Build.0 = Debug|Any CPU
		{BD66CB97-062E-4B93-AE28-BFEC9E4AE3C0}.Release|Any CPU.ActiveCfg = Release|Any CPU
		{BD66CB97-062E-4B93-AE28-BFEC9E4AE3C0}.Release|Any CPU.Build.0 = Release|Any CPU
		{BD66CB97-062E-4B93-AE28-BFEC9E4AE3C0}.Release|iPhone.ActiveCfg = Release|Any CPU
		{BD66CB97-062E-4B93-AE28-BFEC9E4AE3C0}.Release|iPhone.Build.0 = Release|Any CPU
		{BD66CB97-062E-4B93-AE28-BFEC9E4AE3C0}.Release|iPhoneSimulator.ActiveCfg = Release|Any CPU
		{BD66CB97-062E-4B93-AE28-BFEC9E4AE3C0}.Release|iPhoneSimulator.Build.0 = Release|Any CPU
		{505046AA-DA8F-4675-8595-011841676B85}.Ad-Hoc|Any CPU.ActiveCfg = Ad-Hoc|iPhone
		{505046AA-DA8F-4675-8595-011841676B85}.Ad-Hoc|iPhone.ActiveCfg = Ad-Hoc|iPhone
		{505046AA-DA8F-4675-8595-011841676B85}.Ad-Hoc|iPhone.Build.0 = Ad-Hoc|iPhone
		{505046AA-DA8F-4675-8595-011841676B85}.Ad-Hoc|iPhoneSimulator.ActiveCfg = Ad-Hoc|iPhoneSimulator
		{505046AA-DA8F-4675-8595-011841676B85}.Ad-Hoc|iPhoneSimulator.Build.0 = Ad-Hoc|iPhoneSimulator
		{505046AA-DA8F-4675-8595-011841676B85}.AppStore|Any CPU.ActiveCfg = AppStore|iPhone
		{505046AA-DA8F-4675-8595-011841676B85}.AppStore|iPhone.ActiveCfg = AppStore|iPhone
		{505046AA-DA8F-4675-8595-011841676B85}.AppStore|iPhone.Build.0 = AppStore|iPhone
		{505046AA-DA8F-4675-8595-011841676B85}.AppStore|iPhoneSimulator.ActiveCfg = AppStore|iPhoneSimulator
		{505046AA-DA8F-4675-8595-011841676B85}.AppStore|iPhoneSimulator.Build.0 = AppStore|iPhoneSimulator
		{505046AA-DA8F-4675-8595-011841676B85}.Debug|Any CPU.ActiveCfg = Debug|iPhone
		{505046AA-DA8F-4675-8595-011841676B85}.Debug|iPhone.ActiveCfg = Debug|iPhone
		{505046AA-DA8F-4675-8595-011841676B85}.Debug|iPhone.Build.0 = Debug|iPhone
		{505046AA-DA8F-4675-8595-011841676B85}.Debug|iPhoneSimulator.ActiveCfg = Debug|iPhoneSimulator
		{505046AA-DA8F-4675-8595-011841676B85}.Debug|iPhoneSimulator.Build.0 = Debug|iPhoneSimulator
		{505046AA-DA8F-4675-8595-011841676B85}.Release|Any CPU.ActiveCfg = Release|iPhone
		{505046AA-DA8F-4675-8595-011841676B85}.Release|iPhone.ActiveCfg = Release|iPhone
		{505046AA-DA8F-4675-8595-011841676B85}.Release|iPhone.Build.0 = Release|iPhone
		{505046AA-DA8F-4675-8595-011841676B85}.Release|iPhoneSimulator.ActiveCfg = Release|iPhoneSimulator
		{505046AA-DA8F-4675-8595-011841676B85}.Release|iPhoneSimulator.Build.0 = Release|iPhoneSimulator
		{0DE8A4CC-E1AB-4ACF-A33E-A50B178F8EF2}.Ad-Hoc|Any CPU.ActiveCfg = Release|Any CPU
		{0DE8A4CC-E1AB-4ACF-A33E-A50B178F8EF2}.Ad-Hoc|Any CPU.Build.0 = Release|Any CPU
		{0DE8A4CC-E1AB-4ACF-A33E-A50B178F8EF2}.Ad-Hoc|Any CPU.Deploy.0 = Release|Any CPU
		{0DE8A4CC-E1AB-4ACF-A33E-A50B178F8EF2}.Ad-Hoc|iPhone.ActiveCfg = Release|Any CPU
		{0DE8A4CC-E1AB-4ACF-A33E-A50B178F8EF2}.Ad-Hoc|iPhone.Build.0 = Release|Any CPU
		{0DE8A4CC-E1AB-4ACF-A33E-A50B178F8EF2}.Ad-Hoc|iPhone.Deploy.0 = Release|Any CPU
		{0DE8A4CC-E1AB-4ACF-A33E-A50B178F8EF2}.Ad-Hoc|iPhoneSimulator.ActiveCfg = Release|Any CPU
		{0DE8A4CC-E1AB-4ACF-A33E-A50B178F8EF2}.Ad-Hoc|iPhoneSimulator.Build.0 = Release|Any CPU
		{0DE8A4CC-E1AB-4ACF-A33E-A50B178F8EF2}.Ad-Hoc|iPhoneSimulator.Deploy.0 = Release|Any CPU
		{0DE8A4CC-E1AB-4ACF-A33E-A50B178F8EF2}.AppStore|Any CPU.ActiveCfg = Release|Any CPU
		{0DE8A4CC-E1AB-4ACF-A33E-A50B178F8EF2}.AppStore|Any CPU.Build.0 = Release|Any CPU
		{0DE8A4CC-E1AB-4ACF-A33E-A50B178F8EF2}.AppStore|Any CPU.Deploy.0 = Release|Any CPU
		{0DE8A4CC-E1AB-4ACF-A33E-A50B178F8EF2}.AppStore|iPhone.ActiveCfg = Release|Any CPU
		{0DE8A4CC-E1AB-4ACF-A33E-A50B178F8EF2}.AppStore|iPhone.Build.0 = Release|Any CPU
		{0DE8A4CC-E1AB-4ACF-A33E-A50B178F8EF2}.AppStore|iPhone.Deploy.0 = Release|Any CPU
		{0DE8A4CC-E1AB-4ACF-A33E-A50B178F8EF2}.AppStore|iPhoneSimulator.ActiveCfg = Release|Any CPU
		{0DE8A4CC-E1AB-4ACF-A33E-A50B178F8EF2}.AppStore|iPhoneSimulator.Build.0 = Release|Any CPU
		{0DE8A4CC-E1AB-4ACF-A33E-A50B178F8EF2}.AppStore|iPhoneSimulator.Deploy.0 = Release|Any CPU
		{0DE8A4CC-E1AB-4ACF-A33E-A50B178F8EF2}.Debug|Any CPU.ActiveCfg = Debug|Any CPU
		{0DE8A4CC-E1AB-4ACF-A33E-A50B178F8EF2}.Debug|Any CPU.Build.0 = Debug|Any CPU
		{0DE8A4CC-E1AB-4ACF-A33E-A50B178F8EF2}.Debug|Any CPU.Deploy.0 = Debug|Any CPU
		{0DE8A4CC-E1AB-4ACF-A33E-A50B178F8EF2}.Debug|iPhone.ActiveCfg = Debug|Any CPU
		{0DE8A4CC-E1AB-4ACF-A33E-A50B178F8EF2}.Debug|iPhone.Build.0 = Debug|Any CPU
		{0DE8A4CC-E1AB-4ACF-A33E-A50B178F8EF2}.Debug|iPhone.Deploy.0 = Debug|Any CPU
		{0DE8A4CC-E1AB-4ACF-A33E-A50B178F8EF2}.Debug|iPhoneSimulator.ActiveCfg = Debug|Any CPU
		{0DE8A4CC-E1AB-4ACF-A33E-A50B178F8EF2}.Debug|iPhoneSimulator.Build.0 = Debug|Any CPU
		{0DE8A4CC-E1AB-4ACF-A33E-A50B178F8EF2}.Debug|iPhoneSimulator.Deploy.0 = Debug|Any CPU
		{0DE8A4CC-E1AB-4ACF-A33E-A50B178F8EF2}.Release|Any CPU.ActiveCfg = Release|Any CPU
		{0DE8A4CC-E1AB-4ACF-A33E-A50B178F8EF2}.Release|Any CPU.Build.0 = Release|Any CPU
		{0DE8A4CC-E1AB-4ACF-A33E-A50B178F8EF2}.Release|Any CPU.Deploy.0 = Release|Any CPU
		{0DE8A4CC-E1AB-4ACF-A33E-A50B178F8EF2}.Release|iPhone.ActiveCfg = Release|Any CPU
		{0DE8A4CC-E1AB-4ACF-A33E-A50B178F8EF2}.Release|iPhone.Build.0 = Release|Any CPU
		{0DE8A4CC-E1AB-4ACF-A33E-A50B178F8EF2}.Release|iPhone.Deploy.0 = Release|Any CPU
		{0DE8A4CC-E1AB-4ACF-A33E-A50B178F8EF2}.Release|iPhoneSimulator.ActiveCfg = Release|Any CPU
		{0DE8A4CC-E1AB-4ACF-A33E-A50B178F8EF2}.Release|iPhoneSimulator.Build.0 = Release|Any CPU
		{0DE8A4CC-E1AB-4ACF-A33E-A50B178F8EF2}.Release|iPhoneSimulator.Deploy.0 = Release|Any CPU
	EndGlobalSection
	GlobalSection(SolutionProperties) = preSolution
		HideSolutionNode = FALSE
	EndGlobalSection
EndGlobal
